<Solution>
  <Project Path="Backup.Agent.Worker/Backup.Agent.Worker.csproj" />
  <Project Path="Backup.Server.Api/Backup.Server.Api.csproj" />
  <Project Path="Backup.Server.Application/Backup.Server.Application.csproj" />
  <Project Path="Backup.Server.Domain/Backup.Server.Domain.csproj" />
  <Project Path="Backup.Server.Infrastructure/Backup.Server.Infrastructure.csproj" />
  <Project Path="Backup.Shared.Contracts/Backup.Shared.Contracts.csproj" />
</Solution>
